<?xml version="1.0" encoding="utf-8"?>
<Project ToolsVersion="4.0" xmlns="http://schemas.microsoft.com/developer/msbuild/2003">
  <ItemGroup>
    <Filter Include="Source Files">
      <UniqueIdentifier>{4FC737F1-C7A5-4376-A066-2A32DCC5D6E1}</UniqueIdentifier>
      <Extensions>cpp;c;cxx;def;odl;idl;hpj;bat;asm;asmx</Extensions>
    </Filter>
    <Filter Include="Source Files\zlib">
      <UniqueIdentifier>{a1b2c3d4-e5f6-7890-abcd-ef1234567890}</UniqueIdentifier>
    </Filter>
    <Filter Include="Header Files">
      <UniqueIdentifier>{93995380-89BD-4b04-88EB-625FBE52EBFB}</UniqueIdentifier>
      <Extensions>h;hpp;hxx;hm;inl;inc;xsd</Extensions>
    </Filter>
    <Filter Include="Header Files\zlib">
      <UniqueIdentifier>{b2c3d4e5-f6a7-8901-bcde-f12345678901}</UniqueIdentifier>
    </Filter>
    <Filter Include="Header Files\Windows">
      <UniqueIdentifier>{c3d4e5f6-a7b8-9012-cdef-123456789012}</UniqueIdentifier>
    </Filter>
    <Filter Include="Library Files">
      <UniqueIdentifier>{d4e5f6a7-b8c9-0123-defa-234567890123}</UniqueIdentifier>
      <Extensions>lib;dll;so</Extensions>
    </Filter>
  </ItemGroup>
  <ItemGroup>
    <ClCompile Include="src\ARACrypt.cpp">
      <Filter>Source Files</Filter>
    </ClCompile>
    <ClCompile Include="src\BuildConfig.cpp">
      <Filter>Source Files</Filter>
    </ClCompile>
    <ClCompile Include="src\CStr.cpp">
      <Filter>Source Files</Filter>
    </ClCompile>
    <ClCompile Include="src\DBConPool.cpp">
      <Filter>Source Files</Filter>
    </ClCompile>
    <ClCompile Include="src\DLPFile.cpp">
      <Filter>Source Files</Filter>
    </ClCompile>
    <ClCompile Include="src\DLPRect.cpp">
      <Filter>Source Files</Filter>
    </ClCompile>
    <ClCompile Include="src\DLP_Color.cpp">
      <Filter>Source Files</Filter>
    </ClCompile>
    <ClCompile Include="src\DebugInfo.cpp">
      <Filter>Source Files</Filter>
    </ClCompile>
    <ClCompile Include="src\FileInfo.cpp">
      <Filter>Source Files</Filter>
    </ClCompile>
    <ClCompile Include="src\KeyAuthObj.cpp">
      <Filter>Source Files</Filter>
    </ClCompile>
    <ClCompile Include="src\Markup.cpp">
      <Filter>Source Files</Filter>
    </ClCompile>
    <ClCompile Include="src\NToklib.cpp">
      <Filter>Source Files</Filter>
    </ClCompile>
    <ClCompile Include="src\NetMutex.cpp">
      <Filter>Source Files</Filter>
    </ClCompile>
    <ClCompile Include="src\NetTimer.cpp">
      <Filter>Source Files</Filter>
    </ClCompile>
    <ClCompile Include="src\NewCol.cpp">
      <Filter>Source Files</Filter>
    </ClCompile>
    <ClCompile Include="src\OCRC32.cpp">
      <Filter>Source Files</Filter>
    </ClCompile>
    <ClCompile Include="src\PoolObj.cpp">
      <Filter>Source Files</Filter>
    </ClCompile>
    <ClCompile Include="src\Profiler.cpp">
      <Filter>Source Files</Filter>
    </ClCompile>
    <ClCompile Include="src\stringpool.cpp">
      <Filter>Source Files</Filter>
    </ClCompile>
    <ClCompile Include="src\TimerManObj.cpp">
      <Filter>Source Files</Filter>
    </ClCompile>
    <ClCompile Include="src\treeprint.cpp">
      <Filter>Source Files</Filter>
    </ClCompile>
    <ClCompile Include="src\uidmanager.cpp">
      <Filter>Source Files</Filter>
    </ClCompile>
    <ClCompile Include="src\uniqueid.cpp">
      <Filter>Source Files</Filter>
    </ClCompile>
    <ClCompile Include="src\dbquery.cpp">
      <Filter>Source Files</Filter>
    </ClCompile>
    <ClCompile Include="src\diskid32.cpp">
      <Filter>Source Files</Filter>
    </ClCompile>
    <ClCompile Include="src\dlprnd.cpp">
      <Filter>Source Files</Filter>
    </ClCompile>
    <ClCompile Include="src\driveInfo.cpp">
      <Filter>Source Files</Filter>
    </ClCompile>
    <ClCompile Include="includes\memorymanager.cpp">
      <Filter>Source Files</Filter>
    </ClCompile>
    <ClCompile Include="src\adler32.c">
      <Filter>Source Files\zlib</Filter>
    </ClCompile>
    <ClCompile Include="src\COMPRESS.c">
      <Filter>Source Files\zlib</Filter>
    </ClCompile>
    <ClCompile Include="src\CRC32.C">
      <Filter>Source Files\zlib</Filter>
    </ClCompile>
    <ClCompile Include="src\DEFLATE.c">
      <Filter>Source Files\zlib</Filter>
    </ClCompile>
    <ClCompile Include="src\INFBLOCK.c">
      <Filter>Source Files\zlib</Filter>
    </ClCompile>
    <ClCompile Include="src\INFCODES.c">
      <Filter>Source Files\zlib</Filter>
    </ClCompile>
    <ClCompile Include="src\INFFAST.c">
      <Filter>Source Files\zlib</Filter>
    </ClCompile>
    <ClCompile Include="src\INFLATE.c">
      <Filter>Source Files\zlib</Filter>
    </ClCompile>
    <ClCompile Include="src\INFTREES.c">
      <Filter>Source Files\zlib</Filter>
    </ClCompile>
    <ClCompile Include="src\INFUTIL.c">
      <Filter>Source Files\zlib</Filter>
    </ClCompile>
    <ClCompile Include="src\TREES.c">
      <Filter>Source Files\zlib</Filter>
    </ClCompile>
    <ClCompile Include="src\UNCOMPR.c">
      <Filter>Source Files\zlib</Filter>
    </ClCompile>
    <ClCompile Include="src\ZUTIL.c">
      <Filter>Source Files\zlib</Filter>
    </ClCompile>
  </ItemGroup>
  <ItemGroup>
    <ClInclude Include="includes\ARACrypt.h">
      <Filter>Header Files</Filter>
    </ClInclude>
    <ClInclude Include="includes\BuildConfig.h">
      <Filter>Header Files</Filter>
    </ClInclude>
    <ClInclude Include="includes\CallBack.h">
      <Filter>Header Files</Filter>
    </ClInclude>
    <ClInclude Include="includes\cstr.h">
      <Filter>Header Files</Filter>
    </ClInclude>
    <ClInclude Include="includes\DebugInfo.h">
      <Filter>Header Files</Filter>
    </ClInclude>
    <ClInclude Include="includes\DLP_Color.h">
      <Filter>Header Files</Filter>
    </ClInclude>
    <ClInclude Include="includes\DLPFile.h">
      <Filter>Header Files</Filter>
    </ClInclude>
    <ClInclude Include="includes\DLPRect.h">
      <Filter>Header Files</Filter>
    </ClInclude>
    <ClInclude Include="includes\dlprnd.h">
      <Filter>Header Files</Filter>
    </ClInclude>
    <ClInclude Include="includes\driveinfo.h">
      <Filter>Header Files</Filter>
    </ClInclude>
    <ClInclude Include="includes\drivestructs.h">
      <Filter>Header Files</Filter>
    </ClInclude>
    <ClInclude Include="includes\FileInfo.h">
      <Filter>Header Files</Filter>
    </ClInclude>
    <ClInclude Include="includes\FileTransfer.h">
      <Filter>Header Files</Filter>
    </ClInclude>
    <ClInclude Include="includes\GenNetMsg.h">
      <Filter>Header Files</Filter>
    </ClInclude>
    <ClInclude Include="includes\KeyAuthObj.h">
      <Filter>Header Files</Filter>
    </ClInclude>
    <ClInclude Include="includes\Markup.h">
      <Filter>Header Files</Filter>
    </ClInclude>
    <ClInclude Include="includes\NewCol.h">
      <Filter>Header Files</Filter>
    </ClInclude>
    <ClInclude Include="includes\ntoklib.h">
      <Filter>Header Files</Filter>
    </ClInclude>
    <ClInclude Include="includes\objectcount.h">
      <Filter>Header Files</Filter>
    </ClInclude>
    <ClInclude Include="includes\ocrc32.h">
      <Filter>Header Files</Filter>
    </ClInclude>
    <ClInclude Include="includes\PoolObj.h">
      <Filter>Header Files</Filter>
    </ClInclude>
    <ClInclude Include="includes\Profiler.h">
      <Filter>Header Files</Filter>
    </ClInclude>
    <ClInclude Include="includes\stringpool.h">
      <Filter>Header Files</Filter>
    </ClInclude>
    <ClInclude Include="includes\timermanobj.h">
      <Filter>Header Files</Filter>
    </ClInclude>
    <ClInclude Include="includes\treeprint.h">
      <Filter>Header Files</Filter>
    </ClInclude>
    <ClInclude Include="includes\trees.h">
      <Filter>Header Files</Filter>
    </ClInclude>
    <ClInclude Include="includes\uidmanager.h">
      <Filter>Header Files</Filter>
    </ClInclude>
    <ClInclude Include="includes\uniqueid.h">
      <Filter>Header Files</Filter>
    </ClInclude>
    <ClInclude Include="includes\UtilDefines.h">
      <Filter>Header Files</Filter>
    </ClInclude>
    <ClInclude Include="includes\UtilHeader.h">
      <Filter>Header Files</Filter>
    </ClInclude>
    <ClInclude Include="includes\memorymanager.h">
      <Filter>Header Files</Filter>
    </ClInclude>
    <ClInclude Include="includes\netmutex.h">
      <Filter>Header Files</Filter>
    </ClInclude>
    <ClInclude Include="includes\nettimer.h">
      <Filter>Header Files</Filter>
    </ClInclude>
    <ClInclude Include="includes\dbase.h">
      <Filter>Header Files</Filter>
    </ClInclude>
    <ClInclude Include="includes\dbconpool.h">
      <Filter>Header Files</Filter>
    </ClInclude>
    <ClInclude Include="includes\dbquery.h">
      <Filter>Header Files</Filter>
    </ClInclude>
    <ClInclude Include="includes\io.h">
      <Filter>Header Files</Filter>
    </ClInclude>
    <ClInclude Include="includes\tchar.h">
      <Filter>Header Files</Filter>
    </ClInclude>
    <ClInclude Include="includes\deflate.h">
      <Filter>Header Files\zlib</Filter>
    </ClInclude>
    <ClInclude Include="includes\infblock.h">
      <Filter>Header Files\zlib</Filter>
    </ClInclude>
    <ClInclude Include="includes\infcodes.h">
      <Filter>Header Files\zlib</Filter>
    </ClInclude>
    <ClInclude Include="includes\inffast.h">
      <Filter>Header Files\zlib</Filter>
    </ClInclude>
    <ClInclude Include="includes\inffixed.h">
      <Filter>Header Files\zlib</Filter>
    </ClInclude>
    <ClInclude Include="includes\inftrees.h">
      <Filter>Header Files\zlib</Filter>
    </ClInclude>
    <ClInclude Include="includes\infutil.h">
      <Filter>Header Files\zlib</Filter>
    </ClInclude>
    <ClInclude Include="includes\zconf.h">
      <Filter>Header Files\zlib</Filter>
    </ClInclude>
    <ClInclude Include="includes\zlib.h">
      <Filter>Header Files\zlib</Filter>
    </ClInclude>
    <ClInclude Include="includes\zutil.h">
      <Filter>Header Files\zlib</Filter>
    </ClInclude>
    <ClInclude Include="includes\windows.h">
      <Filter>Header Files\Windows</Filter>
    </ClInclude>
    <ClInclude Include="includes\windows_stub.h">
      <Filter>Header Files\Windows</Filter>
    </ClInclude>
    <ClInclude Include="includes\winioctl.h">
      <Filter>Header Files\Windows</Filter>
    </ClInclude>
  </ItemGroup>
  <ItemGroup>
    <Lib Include="Libs\libmysql.lib">
      <Filter>Library Files</Filter>
    </Lib>
    <Lib Include="Libs\ZLib.lib">
      <Filter>Library Files</Filter>
    </Lib>
  </ItemGroup>
</Project>
