<?xml version="1.0" encoding="utf-8"?>
<Project ToolsVersion="4.0" xmlns="http://schemas.microsoft.com/developer/msbuild/2003">
  <ItemGroup>
    <Filter Include="Source Files">
      <UniqueIdentifier>{4FC737F1-C7A5-4376-A066-2A32DCC5D6E1}</UniqueIdentifier>
      <Extensions>cpp;c;cxx;def;odl;idl;hpj;bat;asm;asmx</Extensions>
    </Filter>
    <Filter Include="Header Files">
      <UniqueIdentifier>{93995380-89BD-4b04-88EB-625FBE52EBFB}</UniqueIdentifier>
      <Extensions>h;hpp;hxx;hm;inl;inc;xsd</Extensions>
    </Filter>
  </ItemGroup>
  <ItemGroup>
    <ClCompile Include="..\src\adler32.c">
      <Filter>Source Files</Filter>
    </ClCompile>
    <ClCompile Include="..\src\COMPRESS.c">
      <Filter>Source Files</Filter>
    </ClCompile>
    <ClCompile Include="..\src\CRC32.C">
      <Filter>Source Files</Filter>
    </ClCompile>
    <ClCompile Include="..\src\DEFLATE.c">
      <Filter>Source Files</Filter>
    </ClCompile>
    <ClCompile Include="..\src\INFBLOCK.c">
      <Filter>Source Files</Filter>
    </ClCompile>
    <ClCompile Include="..\src\INFCODES.c">
      <Filter>Source Files</Filter>
    </ClCompile>
    <ClCompile Include="..\src\INFFAST.c">
      <Filter>Source Files</Filter>
    </ClCompile>
    <ClCompile Include="..\src\INFLATE.c">
      <Filter>Source Files</Filter>
    </ClCompile>
    <ClCompile Include="..\src\INFTREES.c">
      <Filter>Source Files</Filter>
    </ClCompile>
    <ClCompile Include="..\src\INFUTIL.c">
      <Filter>Source Files</Filter>
    </ClCompile>
    <ClCompile Include="..\src\TREES.c">
      <Filter>Source Files</Filter>
    </ClCompile>
    <ClCompile Include="..\src\UNCOMPR.c">
      <Filter>Source Files</Filter>
    </ClCompile>
    <ClCompile Include="..\src\ZUTIL.c">
      <Filter>Source Files</Filter>
    </ClCompile>
  </ItemGroup>
  <ItemGroup>
    <ClInclude Include="..\includes\deflate.h">
      <Filter>Header Files</Filter>
    </ClInclude>
    <ClInclude Include="..\includes\infblock.h">
      <Filter>Header Files</Filter>
    </ClInclude>
    <ClInclude Include="..\includes\infcodes.h">
      <Filter>Header Files</Filter>
    </ClInclude>
    <ClInclude Include="..\includes\inffast.h">
      <Filter>Header Files</Filter>
    </ClInclude>
    <ClInclude Include="..\includes\inffixed.h">
      <Filter>Header Files</Filter>
    </ClInclude>
    <ClInclude Include="..\includes\inftrees.h">
      <Filter>Header Files</Filter>
    </ClInclude>
    <ClInclude Include="..\includes\infutil.h">
      <Filter>Header Files</Filter>
    </ClInclude>
    <ClInclude Include="..\includes\trees.h">
      <Filter>Header Files</Filter>
    </ClInclude>
    <ClInclude Include="..\includes\zconf.h">
      <Filter>Header Files</Filter>
    </ClInclude>
    <ClInclude Include="..\includes\zlib.h">
      <Filter>Header Files</Filter>
    </ClInclude>
    <ClInclude Include="..\includes\zutil.h">
      <Filter>Header Files</Filter>
    </ClInclude>
  </ItemGroup>
</Project>
